
Microsoft Visual Studio Solution File, Format Version 12.00
# Visual Studio Version 17
VisualStudioVersion = 17.8.34322.80
MinimumVisualStudioVersion = 10.0.40219.1
Project("{FAE04EC0-301F-11D3-BF4B-00C04F79EFBC}") = "Day01", "Day01\Day01.csproj", "{70C6BC7A-7E06-47A9-BF99-B33BAF948505}"
EndProject
Project("{FAE04EC0-301F-11D3-BF4B-00C04F79EFBC}") = "Day02", "Day02\Day02.csproj", "{0200E477-F6E3-4CDE-8150-CDEE9296252F}"
EndProject
Project("{FAE04EC0-301F-11D3-BF4B-00C04F79EFBC}") = "Day03", "Day03\Day03.csproj", "{DFC364B2-170A-49A0-87A3-DB0CDA0F7AD7}"
EndProject
Project("{FAE04EC0-301F-11D3-BF4B-00C04F79EFBC}") = "Day04", "Day04\Day04.csproj", "{83FEF96C-FFFA-4AA8-8AC7-B30792CF78D3}"
EndProject
Project("{FAE04EC0-301F-11D3-BF4B-00C04F79EFBC}") = "Day05", "Day05\Day05.csproj", "{787ECF54-31A3-423C-B899-AFA0A84D525D}"
EndProject
Global
	GlobalSection(SolutionConfigurationPlatforms) = preSolution
		Debug|Any CPU = Debug|Any CPU
		Release|Any CPU = Release|Any CPU
	EndGlobalSection
	GlobalSection(ProjectConfigurationPlatforms) = postSolution
		{70C6BC7A-7E06-47A9-BF99-B33BAF948505}.Debug|Any CPU.ActiveCfg = Debug|Any CPU
		{70C6BC7A-7E06-47A9-BF99-B33BAF948505}.Debug|Any CPU.Build.0 = Debug|Any CPU
		{70C6BC7A-7E06-47A9-BF99-B33BAF948505}.Release|Any CPU.ActiveCfg = Release|Any CPU
		{70C6BC7A-7E06-47A9-BF99-B33BAF948505}.Release|Any CPU.Build.0 = Release|Any CPU
		{0200E477-F6E3-4CDE-8150-CDEE9296252F}.Debug|Any CPU.ActiveCfg = Debug|Any CPU
		{0200E477-F6E3-4CDE-8150-CDEE9296252F}.Debug|Any CPU.Build.0 = Debug|Any CPU
		{0200E477-F6E3-4CDE-8150-CDEE9296252F}.Release|Any CPU.ActiveCfg = Release|Any CPU
		{0200E477-F6E3-4CDE-8150-CDEE9296252F}.Release|Any CPU.Build.0 = Release|Any CPU
		{DFC364B2-170A-49A0-87A3-DB0CDA0F7AD7}.Debug|Any CPU.ActiveCfg = Debug|Any CPU
		{DFC364B2-170A-49A0-87A3-DB0CDA0F7AD7}.Debug|Any CPU.Build.0 = Debug|Any CPU
		{DFC364B2-170A-49A0-87A3-DB0CDA0F7AD7}.Release|Any CPU.ActiveCfg = Release|Any CPU
		{DFC364B2-170A-49A0-87A3-DB0CDA0F7AD7}.Release|Any CPU.Build.0 = Release|Any CPU
		{83FEF96C-FFFA-4AA8-8AC7-B30792CF78D3}.Debug|Any CPU.ActiveCfg = Debug|Any CPU
		{83FEF96C-FFFA-4AA8-8AC7-B30792CF78D3}.Debug|Any CPU.Build.0 = Debug|Any CPU
		{83FEF96C-FFFA-4AA8-8AC7-B30792CF78D3}.Release|Any CPU.ActiveCfg = Release|Any CPU
		{83FEF96C-FFFA-4AA8-8AC7-B30792CF78D3}.Release|Any CPU.Build.0 = Release|Any CPU
		{787ECF54-31A3-423C-B899-AFA0A84D525D}.Debug|Any CPU.ActiveCfg = Debug|Any CPU
		{787ECF54-31A3-423C-B899-AFA0A84D525D}.Debug|Any CPU.Build.0 = Debug|Any CPU
		{787ECF54-31A3-423C-B899-AFA0A84D525D}.Release|Any CPU.ActiveCfg = Release|Any CPU
		{787ECF54-31A3-423C-B899-AFA0A84D525D}.Release|Any CPU.Build.0 = Release|Any CPU
	EndGlobalSection
	GlobalSection(SolutionProperties) = preSolution
		HideSolutionNode = FALSE
	EndGlobalSection
	GlobalSection(ExtensibilityGlobals) = postSolution
		SolutionGuid = {39F7DC5D-388D-4131-8130-FBE7F5B3669E}
	EndGlobalSection
EndGlobal
