
Microsoft Visual Studio Solution File, Format Version 12.00
# Visual Studio Version 17
VisualStudioVersion = 17.8.34322.80
MinimumVisualStudioVersion = 10.0.40219.1
Project("{FAE04EC0-301F-11D3-BF4B-00C04F79EFBC}") = "Day01", "Day01\Day01.csproj", "{70C6BC7A-7E06-47A9-BF99-B33BAF948505}"
EndProject
Project("{FAE04EC0-301F-11D3-BF4B-00C04F79EFBC}") = "Day02", "Day02\Day02.csproj", "{0200E477-F6E3-4CDE-8150-CDEE9296252F}"
EndProject
Project("{FAE04EC0-301F-11D3-BF4B-00C04F79EFBC}") = "Day03", "Day03\Day03.csproj", "{DFC364B2-170A-49A0-87A3-DB0CDA0F7AD7}"
EndProject
Project("{FAE04EC0-301F-11D3-BF4B-00C04F79EFBC}") = "Day04", "Day04\Day04.csproj", "{83FEF96C-FFFA-4AA8-8AC7-B30792CF78D3}"
EndProject
Project("{FAE04EC0-301F-11D3-BF4B-00C04F79EFBC}") = "Day05", "Day05\Day05.csproj", "{787ECF54-31A3-423C-B899-AFA0A84D525D}"
EndProject
Project("{FAE04EC0-301F-11D3-BF4B-00C04F79EFBC}") = "Day06", "Day06\Day06.csproj", "{E81D84CC-D59B-4642-A072-60551C0856D2}"
EndProject
Project("{FAE04EC0-301F-11D3-BF4B-00C04F79EFBC}") = "Day07", "Day07\Day07.csproj", "{02AA0F77-B2EF-43AD-BA9B-28432D2D51F2}"
EndProject
Project("{FAE04EC0-301F-11D3-BF4B-00C04F79EFBC}") = "Day08", "Day08\Day08.csproj", "{DCC27F66-A066-41DB-8B90-FA8F5E341AAA}"
EndProject
Project("{FAE04EC0-301F-11D3-BF4B-00C04F79EFBC}") = "Day09", "Day09\Day09.csproj", "{66BFBE96-2A08-4E3E-9CF6-14AD7D9C9A7E}"
EndProject
Project("{FAE04EC0-301F-11D3-BF4B-00C04F79EFBC}") = "Day10", "Day10\Day10.csproj", "{9ED48363-48C3-4DC9-B626-AD7831F1C8DB}"
EndProject
Project("{FAE04EC0-301F-11D3-BF4B-00C04F79EFBC}") = "Day11", "Day11\Day11.csproj", "{274F4FBF-2174-4E22-8065-9B4DEC2B39C5}"
EndProject
Project("{FAE04EC0-301F-11D3-BF4B-00C04F79EFBC}") = "Day12", "Day12\Day12.csproj", "{D58DF764-5EFD-4C84-9CF3-E73D1EB056FF}"
EndProject
Global
	GlobalSection(SolutionConfigurationPlatforms) = preSolution
		Debug|Any CPU = Debug|Any CPU
		Release|Any CPU = Release|Any CPU
	EndGlobalSection
	GlobalSection(ProjectConfigurationPlatforms) = postSolution
		{70C6BC7A-7E06-47A9-BF99-B33BAF948505}.Debug|Any CPU.ActiveCfg = Debug|Any CPU
		{70C6BC7A-7E06-47A9-BF99-B33BAF948505}.Debug|Any CPU.Build.0 = Debug|Any CPU
		{70C6BC7A-7E06-47A9-BF99-B33BAF948505}.Release|Any CPU.ActiveCfg = Release|Any CPU
		{70C6BC7A-7E06-47A9-BF99-B33BAF948505}.Release|Any CPU.Build.0 = Release|Any CPU
		{0200E477-F6E3-4CDE-8150-CDEE9296252F}.Debug|Any CPU.ActiveCfg = Debug|Any CPU
		{0200E477-F6E3-4CDE-8150-CDEE9296252F}.Debug|Any CPU.Build.0 = Debug|Any CPU
		{0200E477-F6E3-4CDE-8150-CDEE9296252F}.Release|Any CPU.ActiveCfg = Release|Any CPU
		{0200E477-F6E3-4CDE-8150-CDEE9296252F}.Release|Any CPU.Build.0 = Release|Any CPU
		{DFC364B2-170A-49A0-87A3-DB0CDA0F7AD7}.Debug|Any CPU.ActiveCfg = Debug|Any CPU
		{DFC364B2-170A-49A0-87A3-DB0CDA0F7AD7}.Debug|Any CPU.Build.0 = Debug|Any CPU
		{DFC364B2-170A-49A0-87A3-DB0CDA0F7AD7}.Release|Any CPU.ActiveCfg = Release|Any CPU
		{DFC364B2-170A-49A0-87A3-DB0CDA0F7AD7}.Release|Any CPU.Build.0 = Release|Any CPU
		{83FEF96C-FFFA-4AA8-8AC7-B30792CF78D3}.Debug|Any CPU.ActiveCfg = Debug|Any CPU
		{83FEF96C-FFFA-4AA8-8AC7-B30792CF78D3}.Debug|Any CPU.Build.0 = Debug|Any CPU
		{83FEF96C-FFFA-4AA8-8AC7-B30792CF78D3}.Release|Any CPU.ActiveCfg = Release|Any CPU
		{83FEF96C-FFFA-4AA8-8AC7-B30792CF78D3}.Release|Any CPU.Build.0 = Release|Any CPU
		{787ECF54-31A3-423C-B899-AFA0A84D525D}.Debug|Any CPU.ActiveCfg = Debug|Any CPU
		{787ECF54-31A3-423C-B899-AFA0A84D525D}.Debug|Any CPU.Build.0 = Debug|Any CPU
		{787ECF54-31A3-423C-B899-AFA0A84D525D}.Release|Any CPU.ActiveCfg = Release|Any CPU
		{787ECF54-31A3-423C-B899-AFA0A84D525D}.Release|Any CPU.Build.0 = Release|Any CPU
		{E81D84CC-D59B-4642-A072-60551C0856D2}.Debug|Any CPU.ActiveCfg = Debug|Any CPU
		{E81D84CC-D59B-4642-A072-60551C0856D2}.Debug|Any CPU.Build.0 = Debug|Any CPU
		{E81D84CC-D59B-4642-A072-60551C0856D2}.Release|Any CPU.ActiveCfg = Release|Any CPU
		{E81D84CC-D59B-4642-A072-60551C0856D2}.Release|Any CPU.Build.0 = Release|Any CPU
		{02AA0F77-B2EF-43AD-BA9B-28432D2D51F2}.Debug|Any CPU.ActiveCfg = Debug|Any CPU
		{02AA0F77-B2EF-43AD-BA9B-28432D2D51F2}.Debug|Any CPU.Build.0 = Debug|Any CPU
		{02AA0F77-B2EF-43AD-BA9B-28432D2D51F2}.Release|Any CPU.ActiveCfg = Release|Any CPU
		{02AA0F77-B2EF-43AD-BA9B-28432D2D51F2}.Release|Any CPU.Build.0 = Release|Any CPU
		{DCC27F66-A066-41DB-8B90-FA8F5E341AAA}.Debug|Any CPU.ActiveCfg = Debug|Any CPU
		{DCC27F66-A066-41DB-8B90-FA8F5E341AAA}.Debug|Any CPU.Build.0 = Debug|Any CPU
		{DCC27F66-A066-41DB-8B90-FA8F5E341AAA}.Release|Any CPU.ActiveCfg = Release|Any CPU
		{DCC27F66-A066-41DB-8B90-FA8F5E341AAA}.Release|Any CPU.Build.0 = Release|Any CPU
		{66BFBE96-2A08-4E3E-9CF6-14AD7D9C9A7E}.Debug|Any CPU.ActiveCfg = Debug|Any CPU
		{66BFBE96-2A08-4E3E-9CF6-14AD7D9C9A7E}.Debug|Any CPU.Build.0 = Debug|Any CPU
		{66BFBE96-2A08-4E3E-9CF6-14AD7D9C9A7E}.Release|Any CPU.ActiveCfg = Release|Any CPU
		{66BFBE96-2A08-4E3E-9CF6-14AD7D9C9A7E}.Release|Any CPU.Build.0 = Release|Any CPU
		{9ED48363-48C3-4DC9-B626-AD7831F1C8DB}.Debug|Any CPU.ActiveCfg = Debug|Any CPU
		{9ED48363-48C3-4DC9-B626-AD7831F1C8DB}.Debug|Any CPU.Build.0 = Debug|Any CPU
		{9ED48363-48C3-4DC9-B626-AD7831F1C8DB}.Release|Any CPU.ActiveCfg = Release|Any CPU
		{9ED48363-48C3-4DC9-B626-AD7831F1C8DB}.Release|Any CPU.Build.0 = Release|Any CPU
		{274F4FBF-2174-4E22-8065-9B4DEC2B39C5}.Debug|Any CPU.ActiveCfg = Debug|Any CPU
		{274F4FBF-2174-4E22-8065-9B4DEC2B39C5}.Debug|Any CPU.Build.0 = Debug|Any CPU
		{274F4FBF-2174-4E22-8065-9B4DEC2B39C5}.Release|Any CPU.ActiveCfg = Release|Any CPU
		{274F4FBF-2174-4E22-8065-9B4DEC2B39C5}.Release|Any CPU.Build.0 = Release|Any CPU
		{D58DF764-5EFD-4C84-9CF3-E73D1EB056FF}.Debug|Any CPU.ActiveCfg = Debug|Any CPU
		{D58DF764-5EFD-4C84-9CF3-E73D1EB056FF}.Debug|Any CPU.Build.0 = Debug|Any CPU
		{D58DF764-5EFD-4C84-9CF3-E73D1EB056FF}.Release|Any CPU.ActiveCfg = Release|Any CPU
		{D58DF764-5EFD-4C84-9CF3-E73D1EB056FF}.Release|Any CPU.Build.0 = Release|Any CPU
	EndGlobalSection
	GlobalSection(SolutionProperties) = preSolution
		HideSolutionNode = FALSE
	EndGlobalSection
	GlobalSection(ExtensibilityGlobals) = postSolution
		SolutionGuid = {39F7DC5D-388D-4131-8130-FBE7F5B3669E}
	EndGlobalSection
EndGlobal
